// !$*UTF8*$!
{
	archiveVersion = 1;
	classes = {
	};
	objectVersion = 46;
	objects = {

/* Begin PBXBuildFile section */
		9B98A3D41C16AA280099141F /* main.m in Sources */ = {isa = PBXBuildFile; fileRef = 9B98A3D31C16AA280099141F /* main.m */; };
		9B98A3D71C16AA280099141F /* AppDelegate.m in Sources */ = {isa = PBXBuildFile; fileRef = 9B98A3D61C16AA280099141F /* AppDelegate.m */; };
		9B98A3E01C16AA280099141F /* ZZTabBar.xcdatamodeld in Sources */ = {isa = PBXBuildFile; fileRef = 9B98A3DE1C16AA280099141F /* ZZTabBar.xcdatamodeld */; };
		9B98A3E21C16AA280099141F /* Assets.xcassets in Resources */ = {isa = PBXBuildFile; fileRef = 9B98A3E11C16AA280099141F /* Assets.xcassets */; };
		9B98A3E51C16AA280099141F /* LaunchScreen.storyboard in Resources */ = {isa = PBXBuildFile; fileRef = 9B98A3E31C16AA280099141F /* LaunchScreen.storyboard */; };
		9B98A3EF1C16AAFD0099141F /* ZZTabBar.m in Sources */ = {isa = PBXBuildFile; fileRef = 9B98A3EE1C16AAFD0099141F /* ZZTabBar.m */; };
		9B98A3F21C16AB2A0099141F /* OneController.m in Sources */ = {isa = PBXBuildFile; fileRef = 9B98A3F11C16AB2A0099141F /* OneController.m */; };
		9B98A3F51C16AB3A0099141F /* TwoController.m in Sources */ = {isa = PBXBuildFile; fileRef = 9B98A3F41C16AB3A0099141F /* TwoController.m */; };
		9B98A3F81C16AB450099141F /* ThreeController.m in Sources */ = {isa = PBXBuildFile; fileRef = 9B98A3F71C16AB450099141F /* ThreeController.m */; };
		9B98A3FB1C16AB510099141F /* FourController.m in Sources */ = {isa = PBXBuildFile; fileRef = 9B98A3FA1C16AB510099141F /* FourController.m */; };
		9B98A3FE1C16B1DD0099141F /* OtherController.m in Sources */ = {isa = PBXBuildFile; fileRef = 9B98A3FD1C16B1DD0099141F /* OtherController.m */; };
/* End PBXBuildFile section */

/* Begin PBXFileReference section */
		9B98A3CF1C16AA280099141F /* ZZTabBar.app */ = {isa = PBXFileReference; explicitFileType = wrapper.application; includeInIndex = 0; path = ZZTabBar.app; sourceTree = BUILT_PRODUCTS_DIR; };
		9B98A3D31C16AA280099141F /* main.m */ = {isa = PBXFileReference; lastKnownFileType = sourcecode.c.objc; path = main.m; sourceTree = "<group>"; };
		9B98A3D51C16AA280099141F /* AppDelegate.h */ = {isa = PBXFileReference; lastKnownFileType = sourcecode.c.h; path = AppDelegate.h; sourceTree = "<group>"; };
		9B98A3D61C16AA280099141F /* AppDelegate.m */ = {isa = PBXFileReference; lastKnownFileType = sourcecode.c.objc; path = AppDelegate.m; sourceTree = "<group>"; };
		9B98A3DF1C16AA280099141F /* ZZTabBar.xcdatamodel */ = {isa = PBXFileReference; lastKnownFileType = wrapper.xcdatamodel; path = ZZTabBar.xcdatamodel; sourceTree = "<group>"; };
		9B98A3E11C16AA280099141F /* Assets.xcassets */ = {isa = PBXFileReference; lastKnownFileType = folder.assetcatalog; path = Assets.xcassets; sourceTree = "<group>"; };
		9B98A3E41C16AA280099141F /* Base */ = {isa = PBXFileReference; lastKnownFileType = file.storyboard; name = Base; path = Base.lproj/LaunchScreen.storyboard; sourceTree = "<group>"; };
		9B98A3E61C16AA280099141F /* Info.plist */ = {isa = PBXFileReference; lastKnownFileType = text.plist.xml; path = Info.plist; sourceTree = "<group>"; };
		9B98A3ED1C16AAFD0099141F /* ZZTabBar.h */ = {isa = PBXFileReference; fileEncoding = 4; lastKnownFileType = sourcecode.c.h; path = ZZTabBar.h; sourceTree = "<group>"; };
		9B98A3EE1C16AAFD0099141F /* ZZTabBar.m */ = {isa = PBXFileReference; fileEncoding = 4; lastKnownFileType = sourcecode.c.objc; path = ZZTabBar.m; sourceTree = "<group>"; };
		9B98A3F01C16AB290099141F /* OneController.h */ = {isa = PBXFileReference; fileEncoding = 4; lastKnownFileType = sourcecode.c.h; path = OneController.h; sourceTree = "<group>"; };
		9B98A3F11C16AB2A0099141F /* OneController.m */ = {isa = PBXFileReference; fileEncoding = 4; lastKnownFileType = sourcecode.c.objc; path = OneController.m; sourceTree = "<group>"; };
		9B98A3F31C16AB3A0099141F /* TwoController.h */ = {isa = PBXFileReference; fileEncoding = 4; lastKnownFileType = sourcecode.c.h; path = TwoController.h; sourceTree = "<group>"; };
		9B98A3F41C16AB3A0099141F /* TwoController.m */ = {isa = PBXFileReference; fileEncoding = 4; lastKnownFileType = sourcecode.c.objc; path = TwoController.m; sourceTree = "<group>"; };
		9B98A3F61C16AB450099141F /* ThreeController.h */ = {isa = PBXFileReference; fileEncoding = 4; lastKnownFileType = sourcecode.c.h; path = ThreeController.h; sourceTree = "<group>"; };
		9B98A3F71C16AB450099141F /* ThreeController.m */ = {isa = PBXFileReference; fileEncoding = 4; lastKnownFileType = sourcecode.c.objc; path = ThreeController.m; sourceTree = "<group>"; };
		9B98A3F91C16AB510099141F /* FourController.h */ = {isa = PBXFileReference; fileEncoding = 4; lastKnownFileType = sourcecode.c.h; path = FourController.h; sourceTree = "<group>"; };
		9B98A3FA1C16AB510099141F /* FourController.m */ = {isa = PBXFileReference; fileEncoding = 4; lastKnownFileType = sourcecode.c.objc; path = FourController.m; sourceTree = "<group>"; };
		9B98A3FC1C16B1DD0099141F /* OtherController.h */ = {isa = PBXFileReference; fileEncoding = 4; lastKnownFileType = sourcecode.c.h; path = OtherController.h; sourceTree = "<group>"; };
		9B98A3FD1C16B1DD0099141F /* OtherController.m */ = {isa = PBXFileReference; fileEncoding = 4; lastKnownFileType = sourcecode.c.objc; path = OtherController.m; sourceTree = "<group>"; };
/* End PBXFileReference section */

/* Begin PBXFrameworksBuildPhase section */
		9B98A3CC1C16AA280099141F /* Frameworks */ = {
			isa = PBXFrameworksBuildPhase;
			buildActionMask = 2147483647;
			files = (
			);
			runOnlyForDeploymentPostprocessing = 0;
		};
/* End PBXFrameworksBuildPhase section */

/* Begin PBXGroup section */
		9B98A3C61C16AA280099141F = {
			isa = PBXGroup;
			children = (
				9B98A3D11C16AA280099141F /* ZZTabBar */,
				9B98A3D01C16AA280099141F /* Products */,
			);
			sourceTree = "<group>";
		};
		9B98A3D01C16AA280099141F /* Products */ = {
			isa = PBXGroup;
			children = (
				9B98A3CF1C16AA280099141F /* ZZTabBar.app */,
			);
			name = Products;
			sourceTree = "<group>";
		};
		9B98A3D11C16AA280099141F /* ZZTabBar */ = {
			isa = PBXGroup;
			children = (
				9B98A3EC1C16AAFD0099141F /* TabBar */,
				9B98A3D51C16AA280099141F /* AppDelegate.h */,
				9B98A3D61C16AA280099141F /* AppDelegate.m */,
				9B98A3F01C16AB290099141F /* OneController.h */,
				9B98A3F11C16AB2A0099141F /* OneController.m */,
				9B98A3F31C16AB3A0099141F /* TwoController.h */,
				9B98A3F41C16AB3A0099141F /* TwoController.m */,
				9B98A3F61C16AB450099141F /* ThreeController.h */,
				9B98A3F71C16AB450099141F /* ThreeController.m */,
				9B98A3F91C16AB510099141F /* FourController.h */,
				9B98A3FA1C16AB510099141F /* FourController.m */,
				9B98A3FC1C16B1DD0099141F /* OtherController.h */,
				9B98A3FD1C16B1DD0099141F /* OtherController.m */,
				9B98A3E11C16AA280099141F /* Assets.xcassets */,
				9B98A3E31C16AA280099141F /* LaunchScreen.storyboard */,
				9B98A3E61C16AA280099141F /* Info.plist */,
				9B98A3DE1C16AA280099141F /* ZZTabBar.xcdatamodeld */,
				9B98A3D21C16AA280099141F /* Supporting Files */,
			);
			path = ZZTabBar;
			sourceTree = "<group>";
		};
		9B98A3D21C16AA280099141F /* Supporting Files */ = {
			isa = PBXGroup;
			children = (
				9B98A3D31C16AA280099141F /* main.m */,
			);
			name = "Supporting Files";
			sourceTree = "<group>";
		};
		9B98A3EC1C16AAFD0099141F /* TabBar */ = {
			isa = PBXGroup;
			children = (
				9B98A3ED1C16AAFD0099141F /* ZZTabBar.h */,
				9B98A3EE1C16AAFD0099141F /* ZZTabBar.m */,
			);
			path = TabBar;
			sourceTree = "<group>";
		};
/* End PBXGroup section */

/* Begin PBXNativeTarget section */
		9B98A3CE1C16AA280099141F /* ZZTabBar */ = {
			isa = PBXNativeTarget;
			buildConfigurationList = 9B98A3E91C16AA280099141F /* Build configuration list for PBXNativeTarget "ZZTabBar" */;
			buildPhases = (
				9B98A3CB1C16AA280099141F /* Sources */,
				9B98A3CC1C16AA280099141F /* Frameworks */,
				9B98A3CD1C16AA280099141F /* Resources */,
			);
			buildRules = (
			);
			dependencies = (
			);
			name = ZZTabBar;
			productName = ZZTabBar;
			productReference = 9B98A3CF1C16AA280099141F /* ZZTabBar.app */;
			productType = "com.apple.product-type.application";
		};
/* End PBXNativeTarget section */

/* Begin PBXProject section */
		9B98A3C71C16AA280099141F /* Project object */ = {
			isa = PBXProject;
			attributes = {
				LastUpgradeCheck = 0710;
				ORGANIZATIONNAME = ZZning;
				TargetAttributes = {
					9B98A3CE1C16AA280099141F = {
						CreatedOnToolsVersion = 7.1.1;
					};
				};
			};
			buildConfigurationList = 9B98A3CA1C16AA280099141F /* Build configuration list for PBXProject "ZZTabBar" */;
			compatibilityVersion = "Xcode 3.2";
			developmentRegion = English;
			hasScannedForEncodings = 0;
			knownRegions = (
				en,
				Base,
			);
			mainGroup = 9B98A3C61C16AA280099141F;
			productRefGroup = 9B98A3D01C16AA280099141F /* Products */;
			projectDirPath = "";
			projectRoot = "";
			targets = (
				9B98A3CE1C16AA280099141F /* ZZTabBar */,
			);
		};
/* End PBXProject section */

/* Begin PBXResourcesBuildPhase section */
		9B98A3CD1C16AA280099141F /* Resources */ = {
			isa = PBXResourcesBuildPhase;
			buildActionMask = 2147483647;
			files = (
				9B98A3E51C16AA280099141F /* LaunchScreen.storyboard in Resources */,
				9B98A3E21C16AA280099141F /* Assets.xcassets in Resources */,
			);
			runOnlyForDeploymentPostprocessing = 0;
		};
/* End PBXResourcesBuildPhase section */

/* Begin PBXSourcesBuildPhase section */
		9B98A3CB1C16AA280099141F /* Sources */ = {
			isa = PBXSourcesBuildPhase;
			buildActionMask = 2147483647;
			files = (
				9B98A3E01C16AA280099141F /* ZZTabBar.xcdatamodeld in Sources */,
				9B98A3EF1C16AAFD0099141F /* ZZTabBar.m in Sources */,
				9B98A3FE1C16B1DD0099141F /* OtherController.m in Sources */,
				9B98A3F81C16AB450099141F /* ThreeController.m in Sources */,
				9B98A3FB1C16AB510099141F /* FourController.m in Sources */,
				9B98A3D71C16AA280099141F /* AppDelegate.m in Sources */,
				9B98A3F21C16AB2A0099141F /* OneController.m in Sources */,
				9B98A3F51C16AB3A0099141F /* TwoController.m in Sources */,
				9B98A3D41C16AA280099141F /* main.m in Sources */,
			);
			runOnlyForDeploymentPostprocessing = 0;
		};
/* End PBXSourcesBuildPhase section */

/* Begin PBXVariantGroup section */
		9B98A3E31C16AA280099141F /* LaunchScreen.storyboard */ = {
			isa = PBXVariantGroup;
			children = (
				9B98A3E41C16AA280099141F /* Base */,
			);
			name = LaunchScreen.storyboard;
			sourceTree = "<group>";
		};
/* End PBXVariantGroup section */

/* Begin XCBuildConfiguration section */
		9B98A3E71C16AA280099141F /* Debug */ = {
			isa = XCBuildConfiguration;
			buildSettings = {
				ALWAYS_SEARCH_USER_PATHS = NO;
				CLANG_CXX_LANGUAGE_STANDARD = "gnu++0x";
				CLANG_CXX_LIBRARY = "libc++";
				CLANG_ENABLE_MODULES = YES;
				CLANG_ENABLE_OBJC_ARC = YES;
				CLANG_WARN_BOOL_CONVERSION = YES;
				CLANG_WARN_CONSTANT_CONVERSION = YES;
				CLANG_WARN_DIRECT_OBJC_ISA_USAGE = YES_ERROR;
				CLANG_WARN_EMPTY_BODY = YES;
				CLANG_WARN_ENUM_CONVERSION = YES;
				CLANG_WARN_INT_CONVERSION = YES;
				CLANG_WARN_OBJC_ROOT_CLASS = YES_ERROR;
				CLANG_WARN_UNREACHABLE_CODE = YES;
				CLANG_WARN__DUPLICATE_METHOD_MATCH = YES;
				"CODE_SIGN_IDENTITY[sdk=iphoneos*]" = "iPhone Developer";
				COPY_PHASE_STRIP = NO;
				DEBUG_INFORMATION_FORMAT = dwarf;
				ENABLE_STRICT_OBJC_MSGSEND = YES;
				ENABLE_TESTABILITY = YES;
				GCC_C_LANGUAGE_STANDARD = gnu99;
				GCC_DYNAMIC_NO_PIC = NO;
				GCC_NO_COMMON_BLOCKS = YES;
				GCC_OPTIMIZATION_LEVEL = 0;
				GCC_PREPROCESSOR_DEFINITIONS = (
					"DEBUG=1",
					"$(inherited)",
				);
				GCC_WARN_64_TO_32_BIT_CONVERSION = YES;
				GCC_WARN_ABOUT_RETURN_TYPE = YES_ERROR;
				GCC_WARN_UNDECLARED_SELECTOR = YES;
				GCC_WARN_UNINITIALIZED_AUTOS = YES_AGGRESSIVE;
				GCC_WARN_UNUSED_FUNCTION = YES;
				GCC_WARN_UNUSED_VARIABLE = YES;
				IPHONEOS_DEPLOYMENT_TARGET = 9.1;
				MTL_ENABLE_DEBUG_INFO = YES;
				ONLY_ACTIVE_ARCH = YES;
				SDKROOT = iphoneos;
			};
			name = Debug;
		};
		9B98A3E81C16AA280099141F /* Release */ = {
			isa = XCBuildConfiguration;
			buildSettings = {
				ALWAYS_SEARCH_USER_PATHS = NO;
				CLANG_CXX_LANGUAGE_STANDARD = "gnu++0x";
				CLANG_CXX_LIBRARY = "libc++";
				CLANG_ENABLE_MODULES = YES;
				CLANG_ENABLE_OBJC_ARC = YES;
				CLANG_WARN_BOOL_CONVERSION = YES;
				CLANG_WARN_CONSTANT_CONVERSION = YES;
				CLANG_WARN_DIRECT_OBJC_ISA_USAGE = YES_ERROR;
				CLANG_WARN_EMPTY_BODY = YES;
				CLANG_WARN_ENUM_CONVERSION = YES;
				CLANG_WARN_INT_CONVERSION = YES;
				CLANG_WARN_OBJC_ROOT_CLASS = YES_ERROR;
				CLANG_WARN_UNREACHABLE_CODE = YES;
				CLANG_WARN__DUPLICATE_METHOD_MATCH = YES;
				"CODE_SIGN_IDENTITY[sdk=iphoneos*]" = "iPhone Developer";
				COPY_PHASE_STRIP = NO;
				DEBUG_INFORMATION_FORMAT = "dwarf-with-dsym";
				ENABLE_NS_ASSERTIONS = NO;
				ENABLE_STRICT_OBJC_MSGSEND = YES;
				GCC_C_LANGUAGE_STANDARD = gnu99;
				GCC_NO_COMMON_BLOCKS = YES;
				GCC_WARN_64_TO_32_BIT_CONVERSION = YES;
				GCC_WARN_ABOUT_RETURN_TYPE = YES_ERROR;
				GCC_WARN_UNDECLARED_SELECTOR = YES;
				GCC_WARN_UNINITIALIZED_AUTOS = YES_AGGRESSIVE;
				GCC_WARN_UNUSED_FUNCTION = YES;
				GCC_WARN_UNUSED_VARIABLE = YES;
				IPHONEOS_DEPLOYMENT_TARGET = 9.1;
				MTL_ENABLE_DEBUG_INFO = NO;
				SDKROOT = iphoneos;
				VALIDATE_PRODUCT = YES;
			};
			name = Release;
		};
		9B98A3EA1C16AA280099141F /* Debug */ = {
			isa = XCBuildConfiguration;
			buildSettings = {
				ASSETCATALOG_COMPILER_APPICON_NAME = AppIcon;
				INFOPLIST_FILE = ZZTabBar/Info.plist;
				LD_RUNPATH_SEARCH_PATHS = "$(inherited) @executable_path/Frameworks";
				PRODUCT_BUNDLE_IDENTIFIER = ZZning.ZZTabBar;
				PRODUCT_NAME = "$(TARGET_NAME)";
			};
			name = Debug;
		};
		9B98A3EB1C16AA280099141F /* Release */ = {
			isa = XCBuildConfiguration;
			buildSettings = {
				ASSETCATALOG_COMPILER_APPICON_NAME = AppIcon;
				INFOPLIST_FILE = ZZTabBar/Info.plist;
				LD_RUNPATH_SEARCH_PATHS = "$(inherited) @executable_path/Frameworks";
				PRODUCT_BUNDLE_IDENTIFIER = ZZning.ZZTabBar;
				PRODUCT_NAME = "$(TARGET_NAME)";
			};
			name = Release;
		};
/* End XCBuildConfiguration section */

/* Begin XCConfigurationList section */
		9B98A3CA1C16AA280099141F /* Build configuration list for PBXProject "ZZTabBar" */ = {
			isa = XCConfigurationList;
			buildConfigurations = (
				9B98A3E71C16AA280099141F /* Debug */,
				9B98A3E81C16AA280099141F /* Release */,
			);
			defaultConfigurationIsVisible = 0;
			defaultConfigurationName = Release;
		};
		9B98A3E91C16AA280099141F /* Build configuration list for PBXNativeTarget "ZZTabBar" */ = {
			isa = XCConfigurationList;
			buildConfigurations = (
				9B98A3EA1C16AA280099141F /* Debug */,
				9B98A3EB1C16AA280099141F /* Release */,
			);
			defaultConfigurationIsVisible = 0;
		};
/* End XCConfigurationList section */

/* Begin XCVersionGroup section */
		9B98A3DE1C16AA280099141F /* ZZTabBar.xcdatamodeld */ = {
			isa = XCVersionGroup;
			children = (
				9B98A3DF1C16AA280099141F /* ZZTabBar.xcdatamodel */,
			);
			currentVersion = 9B98A3DF1C16AA280099141F /* ZZTabBar.xcdatamodel */;
			path = ZZTabBar.xcdatamodeld;
			sourceTree = "<group>";
			versionGroupType = wrapper.xcdatamodel;
		};
/* End XCVersionGroup section */
	};
	rootObject = 9B98A3C71C16AA280099141F /* Project object */;
}
